
Microsoft Visual Studio Solution File, Format Version 12.00
# Visual Studio Version 17
VisualStudioVersion = 17.3.32901.215
MinimumVisualStudioVersion = 10.0.40219.1
Project("{FAE04EC0-301F-11D3-BF4B-00C04F79EFBC}") = "VS-16.10-HW1", "VS-16.10-HW1\VS-16.10-HW1.csproj", "{E02FC93A-D29C-4E86-AA0B-4670F8DF3524}"
EndProject
Global
	GlobalSection(SolutionConfigurationPlatforms) = preSolution
		Debug|Any CPU = Debug|Any CPU
		Release|Any CPU = Release|Any CPU
	EndGlobalSection
	GlobalSection(ProjectConfigurationPlatforms) = postSolution
		{E02FC93A-D29C-4E86-AA0B-4670F8DF3524}.Debug|Any CPU.ActiveCfg = Debug|Any CPU
		{E02FC93A-D29C-4E86-AA0B-4670F8DF3524}.Debug|Any CPU.Build.0 = Debug|Any CPU
		{E02FC93A-D29C-4E86-AA0B-4670F8DF3524}.Release|Any CPU.ActiveCfg = Release|Any CPU
		{E02FC93A-D29C-4E86-AA0B-4670F8DF3524}.Release|Any CPU.Build.0 = Release|Any CPU
	EndGlobalSection
	GlobalSection(SolutionProperties) = preSolution
		HideSolutionNode = FALSE
	EndGlobalSection
	GlobalSection(ExtensibilityGlobals) = postSolution
		SolutionGuid = {1F13DCC9-F7CD-4000-B219-532BA6A95833}
	EndGlobalSection
EndGlobal
